
Microsoft Visual Studio Solution File, Format Version 12.00
# Visual Studio Version 16
VisualStudioVersion = 16.0.30114.105
MinimumVisualStudioVersion = 10.0.40219.1
Project("{FAE04EC0-301F-11D3-BF4B-00C04F79EFBC}") = "PS多语言启动器", "PS多语言启动器.csproj", "{9E086731-0046-4445-BC43-FB5ECCAAC776}"
EndProject
Global
	GlobalSection(SolutionConfigurationPlatforms) = preSolution
		Debug|Any CPU = Debug|Any CPU
		Release|Any CPU = Release|Any CPU
	EndGlobalSection
	GlobalSection(ProjectConfigurationPlatforms) = postSolution
		{9E086731-0046-4445-BC43-FB5ECCAAC776}.Debug|Any CPU.ActiveCfg = Debug|Any CPU
		{9E086731-0046-4445-BC43-FB5ECCAAC776}.Debug|Any CPU.Build.0 = Debug|Any CPU
		{9E086731-0046-4445-BC43-FB5ECCAAC776}.Release|Any CPU.ActiveCfg = Release|Any CPU
		{9E086731-0046-4445-BC43-FB5ECCAAC776}.Release|Any CPU.Build.0 = Release|Any CPU
	EndGlobalSection
	GlobalSection(SolutionProperties) = preSolution
		HideSolutionNode = FALSE
	EndGlobalSection
	GlobalSection(ExtensibilityGlobals) = postSolution
		SolutionGuid = {8885B40D-D3EB-46CC-B6A2-60C3408DC9E3}
	EndGlobalSection
EndGlobal
